
Microsoft Visual Studio Solution File, Format Version 12.00
# Visual Studio Version 16
VisualStudioVersion = 16.0.31205.134
MinimumVisualStudioVersion = 10.0.40219.1
Project("{FAE04EC0-301F-11D3-BF4B-00C04F79EFBC}") = "renov-AR", "renov-AR\renov-AR.csproj", "{7DC06F69-447D-460A-A26D-4410810ACB19}"
EndProject
Global
	GlobalSection(SolutionConfigurationPlatforms) = preSolution
		Debug|Any CPU = Debug|Any CPU
		Release|Any CPU = Release|Any CPU
	EndGlobalSection
	GlobalSection(ProjectConfigurationPlatforms) = postSolution
		{7DC06F69-447D-460A-A26D-4410810ACB19}.Debug|Any CPU.ActiveCfg = Debug|Any CPU
		{7DC06F69-447D-460A-A26D-4410810ACB19}.Debug|Any CPU.Build.0 = Debug|Any CPU
		{7DC06F69-447D-460A-A26D-4410810ACB19}.Release|Any CPU.ActiveCfg = Release|Any CPU
		{7DC06F69-447D-460A-A26D-4410810ACB19}.Release|Any CPU.Build.0 = Release|Any CPU
	EndGlobalSection
	GlobalSection(SolutionProperties) = preSolution
		HideSolutionNode = FALSE
	EndGlobalSection
	GlobalSection(ExtensibilityGlobals) = postSolution
		SolutionGuid = {E2D99AC8-DD42-428B-835C-CB6CB6C8D732}
	EndGlobalSection
EndGlobal
